{
  "name": "nodejssql",
  "version": "1.0.0",
  "lockfileVersion": 3,
  "requires": true,
  "packages": {
    "": {
      "name": "nodejssql",
      "version": "1.0.0",
      "license": "ISC",
      "dependencies": {
        "sql-bricks": "^3.0.1"
      }
    },
    "node_modules/sql-bricks": {
      "version": "3.0.1",
      "resolved": "https://registry.npmjs.org/sql-bricks/-/sql-bricks-3.0.1.tgz",
      "integrity": "sha512-ZkU/R+bwf7d9FxlwMJp/31P5bluVCjUuftutkqJjQKH1QMCE1iaEc0xeY0aVepc38fxC+ljUrqausGCzzcHzHQ==",
      "engines": {
        "node": "*"
      }
    }
  }
}
